
Microsoft Visual Studio Solution File, Format Version 12.00
# Visual Studio Version 17
VisualStudioVersion = 17.5.002.0
MinimumVisualStudioVersion = 10.0.40219.1
Project("{9A19103F-16F7-4668-BE54-9A1E7A4F7556}") = "functiondemo", "functiondemo.csproj", "{B86DDF25-2DB2-4F25-9AE2-634BB8B43A4A}"
EndProject
Global
	GlobalSection(SolutionConfigurationPlatforms) = preSolution
		Debug|Any CPU = Debug|Any CPU
		Release|Any CPU = Release|Any CPU
	EndGlobalSection
	GlobalSection(ProjectConfigurationPlatforms) = postSolution
		{B86DDF25-2DB2-4F25-9AE2-634BB8B43A4A}.Debug|Any CPU.ActiveCfg = Debug|Any CPU
		{B86DDF25-2DB2-4F25-9AE2-634BB8B43A4A}.Debug|Any CPU.Build.0 = Debug|Any CPU
		{B86DDF25-2DB2-4F25-9AE2-634BB8B43A4A}.Release|Any CPU.ActiveCfg = Release|Any CPU
		{B86DDF25-2DB2-4F25-9AE2-634BB8B43A4A}.Release|Any CPU.Build.0 = Release|Any CPU
	EndGlobalSection
	GlobalSection(SolutionProperties) = preSolution
		HideSolutionNode = FALSE
	EndGlobalSection
	GlobalSection(ExtensibilityGlobals) = postSolution
		SolutionGuid = {A11DB8AC-E953-40E8-AE40-912C99A49D42}
	EndGlobalSection
EndGlobal
